
Microsoft Visual Studio Solution File, Format Version 12.00
# Visual Studio Version 17
VisualStudioVersion = 17.0.31903.59
MinimumVisualStudioVersion = 10.0.40219.1
Project("{FAE04EC0-301F-11D3-BF4B-00C04F79EFBC}") = "API", "API\API.csproj", "{1EE1B754-1C3B-46D8-93D2-8199FAEB75F7}"
EndProject
Project("{FAE04EC0-301F-11D3-BF4B-00C04F79EFBC}") = "Application", "Application\Application.csproj", "{6D250425-DF0D-4DDF-B49E-FB1C55DF3F34}"
EndProject
Project("{FAE04EC0-301F-11D3-BF4B-00C04F79EFBC}") = "Domain", "Domain\Domain.csproj", "{121D620D-D6E8-4AA1-AFD5-B4A223864CB0}"
EndProject
Project("{FAE04EC0-301F-11D3-BF4B-00C04F79EFBC}") = "Persistence", "Persistence\Persistence.csproj", "{34DFBD69-3185-4F08-9E6B-215CF73DDCFE}"
EndProject
Global
	GlobalSection(SolutionConfigurationPlatforms) = preSolution
		Debug|Any CPU = Debug|Any CPU
		Release|Any CPU = Release|Any CPU
	EndGlobalSection
	GlobalSection(SolutionProperties) = preSolution
		HideSolutionNode = FALSE
	EndGlobalSection
	GlobalSection(ProjectConfigurationPlatforms) = postSolution
		{1EE1B754-1C3B-46D8-93D2-8199FAEB75F7}.Debug|Any CPU.ActiveCfg = Debug|Any CPU
		{1EE1B754-1C3B-46D8-93D2-8199FAEB75F7}.Debug|Any CPU.Build.0 = Debug|Any CPU
		{1EE1B754-1C3B-46D8-93D2-8199FAEB75F7}.Release|Any CPU.ActiveCfg = Release|Any CPU
		{1EE1B754-1C3B-46D8-93D2-8199FAEB75F7}.Release|Any CPU.Build.0 = Release|Any CPU
		{6D250425-DF0D-4DDF-B49E-FB1C55DF3F34}.Debug|Any CPU.ActiveCfg = Debug|Any CPU
		{6D250425-DF0D-4DDF-B49E-FB1C55DF3F34}.Debug|Any CPU.Build.0 = Debug|Any CPU
		{6D250425-DF0D-4DDF-B49E-FB1C55DF3F34}.Release|Any CPU.ActiveCfg = Release|Any CPU
		{6D250425-DF0D-4DDF-B49E-FB1C55DF3F34}.Release|Any CPU.Build.0 = Release|Any CPU
		{121D620D-D6E8-4AA1-AFD5-B4A223864CB0}.Debug|Any CPU.ActiveCfg = Debug|Any CPU
		{121D620D-D6E8-4AA1-AFD5-B4A223864CB0}.Debug|Any CPU.Build.0 = Debug|Any CPU
		{121D620D-D6E8-4AA1-AFD5-B4A223864CB0}.Release|Any CPU.ActiveCfg = Release|Any CPU
		{121D620D-D6E8-4AA1-AFD5-B4A223864CB0}.Release|Any CPU.Build.0 = Release|Any CPU
		{34DFBD69-3185-4F08-9E6B-215CF73DDCFE}.Debug|Any CPU.ActiveCfg = Debug|Any CPU
		{34DFBD69-3185-4F08-9E6B-215CF73DDCFE}.Debug|Any CPU.Build.0 = Debug|Any CPU
		{34DFBD69-3185-4F08-9E6B-215CF73DDCFE}.Release|Any CPU.ActiveCfg = Release|Any CPU
		{34DFBD69-3185-4F08-9E6B-215CF73DDCFE}.Release|Any CPU.Build.0 = Release|Any CPU
	EndGlobalSection
EndGlobal
